{
  "version": "5",
  "specifiers": {
    "npm:@scalar/core@*": "0.3.18",
    "npm:@scalar/core@~0.3.18": "0.3.18",
    "npm:@turf/bbox-polygon@*": "7.2.0",
    "npm:@turf/bbox-polygon@^7.2.0": "7.2.0",
    "npm:@turf/bbox@*": "7.2.0",
    "npm:@turf/bbox@^7.2.0": "7.2.0",
    "npm:@turf/boolean-intersects@*": "7.2.0",
    "npm:@turf/boolean-intersects@^7.2.0": "7.2.0",
    "npm:@turf/buffer@*": "7.2.0",
    "npm:@turf/buffer@^7.2.0": "7.2.0",
    "npm:@types/coveragejson@*": "1.0.0",
    "npm:@types/coveragejson@1": "1.0.0",
    "npm:@types/geojson@*": "7946.0.16",
    "npm:@types/geojson@^7946.0.16": "7946.0.16",
    "npm:@types/node@^24.6.2": "24.6.2",
    "npm:betterknown@*": "1.0.5",
    "npm:betterknown@^1.0.5": "1.0.5",
    "npm:geotiff@*": "2.1.4-beta.0",
    "npm:geotiff@^2.1.4-beta.0": "2.1.4-beta.0",
    "npm:proj4@*": "2.19.10",
    "npm:proj4@^2.19.10": "2.19.10"
  },
  "npm": {
    "@petamoriken/float16@3.9.2": {
      "integrity": "sha512-VgffxawQde93xKxT3qap3OH+meZf7VaSB5Sqd4Rqc+FP5alWbpOyan/7tRbOAvynjpG3GpdtAuGU/NdhQpmrog=="
    },
    "@scalar/core@0.3.18": {
      "integrity": "sha512-STi6LiJTqOYwz4VhKi61SYhqOTT8TJ3M//XQyT3OwwfY0iBR/HNKUNnHsIWJdwaoGO4Ida5jj4L0JmpKtwQxTQ==",
      "dependencies": [
        "@scalar/types"
      ]
    },
    "@scalar/openapi-types@0.4.0": {
      "integrity": "sha512-vdFLzz7vETw6kS3bxWUHCBeFtJOnr1bk/+FXKyxKkd6TbcyT6USXkoelI704IaBdoXyOgGX10FD1IVrs4FwUow==",
      "dependencies": [
        "zod"
      ]
    },
    "@scalar/types@0.3.0": {
      "integrity": "sha512-RVL4waBX2jpshVBU8l1J8gsG+Ai9oRoTN1Zc1+yaO2WG/ZMXOBtq1noJWpUk2c2i16E1oxmRZC8/nPNFRbkxog==",
      "dependencies": [
        "@scalar/openapi-types",
        "nanoid",
        "type-fest",
        "zod"
      ]
    },
    "@turf/bbox-polygon@7.2.0": {
      "integrity": "sha512-Aj4G1GAAy26fmOqMjUk0Z+Lcax5VQ9g1xYDbHLQWXvfTsaueBT+RzdH6XPnZ/seEEnZkio2IxE8V5af/osupgA==",
      "dependencies": [
        "@turf/helpers",
        "@types/geojson",
        "tslib"
      ]
    },
    "@turf/bbox@7.2.0": {
      "integrity": "sha512-wzHEjCXlYZiDludDbXkpBSmv8Zu6tPGLmJ1sXQ6qDwpLE1Ew3mcWqt8AaxfTP5QwDNQa3sf2vvgTEzNbPQkCiA==",
      "dependencies": [
        "@turf/helpers",
        "@turf/meta",
        "@types/geojson",
        "tslib"
      ]
    },
    "@turf/boolean-disjoint@7.2.0": {
      "integrity": "sha512-xdz+pYKkLMuqkNeJ6EF/3OdAiJdiHhcHCV0ykX33NIuALKIEpKik0+NdxxNsZsivOW6keKwr61SI+gcVtHYcnQ==",
      "dependencies": [
        "@turf/boolean-point-in-polygon",
        "@turf/helpers",
        "@turf/line-intersect",
        "@turf/meta",
        "@turf/polygon-to-line",
        "@types/geojson",
        "tslib"
      ]
    },
    "@turf/boolean-intersects@7.2.0": {
      "integrity": "sha512-GLRyLQgK3F14drkK5Qi9Mv7Z9VT1bgQUd9a3DB3DACTZWDSwfh8YZUFn/HBwRkK8dDdgNEXaavggQHcPi1k9ow==",
      "dependencies": [
        "@turf/boolean-disjoint",
        "@turf/helpers",
        "@turf/meta",
        "@types/geojson",
        "tslib"
      ]
    },
    "@turf/boolean-point-in-polygon@7.2.0": {
      "integrity": "sha512-lvEOjxeXIp+wPXgl9kJA97dqzMfNexjqHou+XHVcfxQgolctoJiRYmcVCWGpiZ9CBf/CJha1KmD1qQoRIsjLaA==",
      "dependencies": [
        "@turf/helpers",
        "@turf/invariant",
        "@types/geojson",
        "point-in-polygon-hao",
        "tslib"
      ]
    },
    "@turf/buffer@7.2.0": {
      "integrity": "sha512-QH1FTr5Mk4z1kpQNztMD8XBOZfpOXPOtlsxaSAj2kDIf5+LquA6HtJjZrjUngnGtzG5+XwcfyRL4ImvLnFjm5Q==",
      "dependencies": [
        "@turf/bbox",
        "@turf/center",
        "@turf/helpers",
        "@turf/jsts",
        "@turf/meta",
        "@turf/projection",
        "@types/geojson",
        "d3-geo"
      ]
    },
    "@turf/center@7.2.0": {
      "integrity": "sha512-UTNp9abQ2kuyRg5gCIGDNwwEQeF3NbpYsd1Q0KW9lwWuzbLVNn0sOwbxjpNF4J2HtMOs5YVOcqNvYyuoa2XrXw==",
      "dependencies": [
        "@turf/bbox",
        "@turf/helpers",
        "@types/geojson",
        "tslib"
      ]
    },
    "@turf/clone@7.2.0": {
      "integrity": "sha512-JlGUT+/5qoU5jqZmf6NMFIoLDY3O7jKd53Up+zbpJ2vzUp6QdwdNzwrsCeONhynWM13F0MVtPXH4AtdkrgFk4g==",
      "dependencies": [
        "@turf/helpers",
        "@types/geojson",
        "tslib"
      ]
    },
    "@turf/helpers@7.2.0": {
      "integrity": "sha512-cXo7bKNZoa7aC7ydLmUR02oB3IgDe7MxiPuRz3cCtYQHn+BJ6h1tihmamYDWWUlPHgSNF0i3ATc4WmDECZafKw==",
      "dependencies": [
        "@types/geojson",
        "tslib"
      ]
    },
    "@turf/invariant@7.2.0": {
      "integrity": "sha512-kV4u8e7Gkpq+kPbAKNC21CmyrXzlbBgFjO1PhrHPgEdNqXqDawoZ3i6ivE3ULJj2rSesCjduUaC/wyvH/sNr2Q==",
      "dependencies": [
        "@turf/helpers",
        "@types/geojson",
        "tslib"
      ]
    },
    "@turf/jsts@2.7.2": {
      "integrity": "sha512-zAezGlwWHPyU0zxwcX2wQY3RkRpwuoBmhhNE9HY9kWhFDkCxZ3aWK5URKwa/SWKJbj9aztO+8vtdiBA28KVJFg==",
      "dependencies": [
        "jsts"
      ]
    },
    "@turf/line-intersect@7.2.0": {
      "integrity": "sha512-GhCJVEkc8EmggNi85EuVLoXF5T5jNVxmhIetwppiVyJzMrwkYAkZSYB3IBFYGUUB9qiNFnTwungVSsBV/S8ZiA==",
      "dependencies": [
        "@turf/helpers",
        "@types/geojson",
        "sweepline-intersections",
        "tslib"
      ]
    },
    "@turf/meta@7.2.0": {
      "integrity": "sha512-igzTdHsQc8TV1RhPuOLVo74Px/hyPrVgVOTgjWQZzt3J9BVseCdpfY/0cJBdlSRI4S/yTmmHl7gAqjhpYH5Yaw==",
      "dependencies": [
        "@turf/helpers",
        "@types/geojson"
      ]
    },
    "@turf/polygon-to-line@7.2.0": {
      "integrity": "sha512-9jeTN3LiJ933I5sd4K0kwkcivOYXXm1emk0dHorwXeSFSHF+nlYesEW3Hd889wb9lZd7/SVLMUeX/h39mX+vCA==",
      "dependencies": [
        "@turf/helpers",
        "@turf/invariant",
        "@types/geojson",
        "tslib"
      ]
    },
    "@turf/projection@7.2.0": {
      "integrity": "sha512-/qke5vJScv8Mu7a+fU3RSChBRijE6EVuFHU3RYihMuYm04Vw8dBMIs0enEpoq0ke/IjSbleIrGQNZIMRX9EwZQ==",
      "dependencies": [
        "@turf/clone",
        "@turf/helpers",
        "@turf/meta",
        "@types/geojson",
        "tslib"
      ]
    },
    "@types/coveragejson@1.0.0": {
      "integrity": "sha512-YBogUEHiyntM4rqRXjBtKwnDjDnADDqYZx2St7gVsWqrhJRAR1cUHNClqHw9raHu8/MNKd2YTxJtGNctZgYZXg=="
    },
    "@types/geojson@7946.0.16": {
      "integrity": "sha512-6C8nqWur3j98U6+lXDfTUWIfgvZU+EumvpHKcYjujKH7woYyLj2sUmff0tRhrqM7BohUw7Pz3ZB1jj2gW9Fvmg=="
    },
    "@types/node@24.6.2": {
      "integrity": "sha512-d2L25Y4j+W3ZlNAeMKcy7yDsK425ibcAOO2t7aPTz6gNMH0z2GThtwENCDc0d/Pw9wgyRqE5Px1wkV7naz8ang==",
      "dependencies": [
        "undici-types"
      ]
    },
    "betterknown@1.0.5": {
      "integrity": "sha512-xQGprwo9Jqx8vyESLhKCarv2ukan49PEUdydK/kQegq5wi2qEIptl57LlMs2QXtgoJHbCctZVsZknDgx9b18RQ==",
      "dependencies": [
        "@types/geojson"
      ]
    },
    "d3-array@1.2.4": {
      "integrity": "sha512-KHW6M86R+FUPYGb3R5XiYjXPq7VzwxZ22buHhAEVG5ztoEcZZMLov530mmccaqA1GghZArjQV46fuc8kUqhhHw=="
    },
    "d3-geo@1.7.1": {
      "integrity": "sha512-O4AempWAr+P5qbk2bC2FuN/sDW4z+dN2wDf9QV3bxQt4M5HfOEeXLgJ/UKQW0+o1Dj8BE+L5kiDbdWUMjsmQpw==",
      "dependencies": [
        "d3-array"
      ]
    },
    "geotiff@2.1.4-beta.0": {
      "integrity": "sha512-jb6SYvHMyiCqwqgGGLDAxtig9h1g6O+n1wEyNEE4QgVEXOItYaWrEgPg9SAnwdoZm2yx6DpFtilbGG65hvZgpQ==",
      "dependencies": [
        "@petamoriken/float16",
        "lerc",
        "pako",
        "parse-headers",
        "quick-lru",
        "web-worker",
        "xml-utils",
        "zstddec"
      ]
    },
    "jsts@2.7.1": {
      "integrity": "sha512-x2wSZHEBK20CY+Wy+BPE7MrFQHW6sIsdaGUMEqmGAio+3gFzQaBYPwLRonUfQf9Ak8pBieqj9tUofX1+WtAEIg=="
    },
    "lerc@3.0.0": {
      "integrity": "sha512-Rm4J/WaHhRa93nCN2mwWDZFoRVF18G1f47C+kvQWyHGEZxFpTUi73p7lMVSAndyxGt6lJ2/CFbOcf9ra5p8aww=="
    },
    "mgrs@1.0.0": {
      "integrity": "sha512-awNbTOqCxK1DBGjalK3xqWIstBZgN6fxsMSiXLs9/spqWkF2pAhb2rrYCFSsr1/tT7PhcDGjZndG8SWYn0byYA=="
    },
    "nanoid@5.1.5": {
      "integrity": "sha512-Ir/+ZpE9fDsNH0hQ3C68uyThDXzYcim2EqcZ8zn8Chtt1iylPT9xXJB0kPCnqzgcEGikO9RxSrh63MsmVCU7Fw==",
      "bin": true
    },
    "pako@2.1.0": {
      "integrity": "sha512-w+eufiZ1WuJYgPXbV/PO3NCMEc3xqylkKHzp8bxp1uW4qaSNQUkwmLLEc3kKsfz8lpV1F8Ht3U1Cm+9Srog2ug=="
    },
    "parse-headers@2.0.6": {
      "integrity": "sha512-Tz11t3uKztEW5FEVZnj1ox8GKblWn+PvHY9TmJV5Mll2uHEwRdR/5Li1OlXoECjLYkApdhWy44ocONwXLiKO5A=="
    },
    "point-in-polygon-hao@1.2.4": {
      "integrity": "sha512-x2pcvXeqhRHlNRdhLs/tgFapAbSSe86wa/eqmj1G6pWftbEs5aVRJhRGM6FYSUERKu0PjekJzMq0gsI2XyiclQ==",
      "dependencies": [
        "robust-predicates"
      ]
    },
    "proj4@2.19.10": {
      "integrity": "sha512-uL6/C6kA8+ncJAEDmUeV8PmNJcTlRLDZZa4/87CzRpb8My4p+Ame4LhC4G3H/77z2icVqcu3nNL9h5buSdnY+g==",
      "dependencies": [
        "mgrs",
        "wkt-parser"
      ]
    },
    "quick-lru@6.1.2": {
      "integrity": "sha512-AAFUA5O1d83pIHEhJwWCq/RQcRukCkn/NSm2QsTEMle5f2hP0ChI2+3Xb051PZCkLryI/Ir1MVKviT2FIloaTQ=="
    },
    "robust-predicates@3.0.2": {
      "integrity": "sha512-IXgzBWvWQwE6PrDI05OvmXUIruQTcoMDzRsOd5CDvHCVLcLHMTSYvOK5Cm46kWqlV3yAbuSpBZdJ5oP5OUoStg=="
    },
    "sweepline-intersections@1.5.0": {
      "integrity": "sha512-AoVmx72QHpKtItPu72TzFL+kcYjd67BPLDoR0LarIk+xyaRg+pDTMFXndIEvZf9xEKnJv6JdhgRMnocoG0D3AQ==",
      "dependencies": [
        "tinyqueue"
      ]
    },
    "tinyqueue@2.0.3": {
      "integrity": "sha512-ppJZNDuKGgxzkHihX8v9v9G5f+18gzaTfrukGrq6ueg0lmH4nqVnA2IPG0AEH3jKEk2GRJCUhDoqpoiw3PHLBA=="
    },
    "tslib@2.8.1": {
      "integrity": "sha512-oJFu94HQb+KVduSUQL7wnpmqnfmLsOA/nAh6b6EH0wCEoK0/mPeXU6c3wKDV83MkOuHPRHtSXKKU99IBazS/2w=="
    },
    "type-fest@4.41.0": {
      "integrity": "sha512-TeTSQ6H5YHvpqVwBRcnLDCBnDOHWYu7IvGbHT6N8AOymcr9PJGjc1GTtiWZTYg0NCgYwvnYWEkVChQAr9bjfwA=="
    },
    "undici-types@7.13.0": {
      "integrity": "sha512-Ov2Rr9Sx+fRgagJ5AX0qvItZG/JKKoBRAVITs1zk7IqZGTJUwgUr7qoYBpWwakpWilTZFM98rG/AFRocu10iIQ=="
    },
    "web-worker@1.5.0": {
      "integrity": "sha512-RiMReJrTAiA+mBjGONMnjVDP2u3p9R1vkcGz6gDIrOMT3oGuYwX2WRMYI9ipkphSuE5XKEhydbhNEJh4NY9mlw=="
    },
    "wkt-parser@1.5.2": {
      "integrity": "sha512-1ZUiV1FTwSiSrgWzV9KXJuOF2BVW91KY/mau04BhnmgOdroRQea7Q0s5TVqwGLm0D2tZwObd/tBYXW49sSxp3Q=="
    },
    "xml-utils@1.10.2": {
      "integrity": "sha512-RqM+2o1RYs6T8+3DzDSoTRAUfrvaejbVHcp3+thnAtDKo8LskR+HomLajEy5UjTz24rpka7AxVBRR3g2wTUkJA=="
    },
    "zod@4.1.11": {
      "integrity": "sha512-WPsqwxITS2tzx1bzhIKsEs19ABD5vmCVa4xBo2tq/SrV4RNZtfws1EnCWQXM6yh8bD08a1idvkB5MZSBiZsjwg=="
    },
    "zstddec@0.2.0-alpha.3": {
      "integrity": "sha512-uHyE3TN8jRFOaMVwdhERfrcaabyoUUawIRDKXE6x0nCU7mzyIZO0LndJ3AtVUiKLF0lC+8F5bMSySWEF586PSA=="
    }
  },
  "workspace": {
    "dependencies": [
      "npm:@scalar/core@*",
      "npm:@turf/bbox-polygon@*",
      "npm:@turf/bbox@*",
      "npm:@turf/boolean-intersects@*",
      "npm:@turf/buffer@*",
      "npm:@types/coveragejson@*",
      "npm:@types/geojson@*",
      "npm:@types/node@*",
      "npm:betterknown@*",
      "npm:convert@*",
      "npm:exegesis-express@*",
      "npm:exegesis@*",
      "npm:express@*",
      "npm:geotiff@*",
      "npm:proj4@*",
      "npm:vite@*",
      "npm:wkx@*",
      "npm:yaml@*"
    ],
    "packageJson": {
      "dependencies": [
        "npm:@scalar/core@~0.3.18",
        "npm:@turf/bbox-polygon@^7.2.0",
        "npm:@turf/bbox@^7.2.0",
        "npm:@turf/boolean-intersects@^7.2.0",
        "npm:@turf/buffer@^7.2.0",
        "npm:@types/coveragejson@1",
        "npm:@types/express@^5.0.3",
        "npm:@types/geojson@^7946.0.16",
        "npm:@types/node@^24.6.2",
        "npm:betterknown@^1.0.5",
        "npm:convert@^5.12.0",
        "npm:exegesis-express@4",
        "npm:exegesis@^4.3.0",
        "npm:express@^5.1.0",
        "npm:geotiff@^2.1.4-beta.0",
        "npm:morgan@^1.10.1",
        "npm:proj4@^2.19.10",
        "npm:vitest@^3.2.4",
        "npm:wkx@0.5",
        "npm:yaml@^2.8.1"
      ]
    }
  }
}
